
Microsoft Visual Studio Solution File, Format Version 12.00
# Visual Studio Version 17
VisualStudioVersion = 17.7.34221.43
MinimumVisualStudioVersion = 10.0.40219.1
Project("{FAE04EC0-301F-11D3-BF4B-00C04F79EFBC}") = "BooksApi", "BooksApi\BooksApi.csproj", "{421F3A2C-F596-4319-8819-FE22D6CEA898}"
EndProject
Global
	GlobalSection(SolutionConfigurationPlatforms) = preSolution
		Debug|Any CPU = Debug|Any CPU
		Release|Any CPU = Release|Any CPU
	EndGlobalSection
	GlobalSection(ProjectConfigurationPlatforms) = postSolution
		{421F3A2C-F596-4319-8819-FE22D6CEA898}.Debug|Any CPU.ActiveCfg = Debug|Any CPU
		{421F3A2C-F596-4319-8819-FE22D6CEA898}.Debug|Any CPU.Build.0 = Debug|Any CPU
		{421F3A2C-F596-4319-8819-FE22D6CEA898}.Release|Any CPU.ActiveCfg = Release|Any CPU
		{421F3A2C-F596-4319-8819-FE22D6CEA898}.Release|Any CPU.Build.0 = Release|Any CPU
	EndGlobalSection
	GlobalSection(SolutionProperties) = preSolution
		HideSolutionNode = FALSE
	EndGlobalSection
	GlobalSection(ExtensibilityGlobals) = postSolution
		SolutionGuid = {72C58028-D264-46E7-B22D-3B50D05D1ABC}
	EndGlobalSection
EndGlobal
